{
	"name": "iconify-umbraco",
	"version": "1.0.0",
	"lockfileVersion": 3,
	"requires": true,
	"packages": {
		"": {
			"name": "iconify-umbraco",
			"version": "1.0.0",
			"dependencies": {
				"@iconify/react": "^5.2.0",
				"@rsbuild/plugin-preact": "^1.7.1",
				"@types/styled-components": "^5.1.36",
				"react": "npm:@preact/compat",
				"react-dom": "npm:@preact/compat",
				"styled-components": "^6.3.8"
			},
			"devDependencies": {
				"@rsbuild/core": "^1.4.2",
				"@rsbuild/plugin-react": "^1.3.2",
				"@types/react": "^19.1.8",
				"@types/react-dom": "^19.1.6",
				"typescript": "^5.8.3"
			}
		},
		"node_modules/@emnapi/core": {
			"version": "1.8.1",
			"resolved": "https://registry.npmjs.org/@emnapi/core/-/core-1.8.1.tgz",
			"integrity": "sha512-AvT9QFpxK0Zd8J0jopedNm+w/2fIzvtPKPjqyw9jwvBaReTTqPBk9Hixaz7KbjimP+QNz605/XnjFcDAL2pqBg==",
			"license": "MIT",
			"optional": true,
			"dependencies": {
				"@emnapi/wasi-threads": "1.1.0",
				"tslib": "^2.4.0"
			}
		},
		"node_modules/@emnapi/runtime": {
			"version": "1.8.1",
			"resolved": "https://registry.npmjs.org/@emnapi/runtime/-/runtime-1.8.1.tgz",
			"integrity": "sha512-mehfKSMWjjNol8659Z8KxEMrdSJDDot5SXMq00dM8BN4o+CLNXQ0xH2V7EchNHV4RmbZLmmPdEaXZc5H2FXmDg==",
			"license": "MIT",
			"optional": true,
			"dependencies": {
				"tslib": "^2.4.0"
			}
		},
		"node_modules/@emnapi/wasi-threads": {
			"version": "1.1.0",
			"resolved": "https://registry.npmjs.org/@emnapi/wasi-threads/-/wasi-threads-1.1.0.tgz",
			"integrity": "sha512-WI0DdZ8xFSbgMjR1sFsKABJ/C5OnRrjT06JXbZKexJGrDuPTzZdDYfFlsgcCXCyf+suG5QU2e/y1Wo2V/OapLQ==",
			"license": "MIT",
			"optional": true,
			"dependencies": {
				"tslib": "^2.4.0"
			}
		},
		"node_modules/@emotion/is-prop-valid": {
			"version": "1.4.0",
			"resolved": "https://registry.npmjs.org/@emotion/is-prop-valid/-/is-prop-valid-1.4.0.tgz",
			"integrity": "sha512-QgD4fyscGcbbKwJmqNvUMSE02OsHUa+lAWKdEUIJKgqe5IwRSKd7+KhibEWdaKwgjLj0DRSHA9biAIqGBk05lw==",
			"license": "MIT",
			"dependencies": {
				"@emotion/memoize": "^0.9.0"
			}
		},
		"node_modules/@emotion/memoize": {
			"version": "0.9.0",
			"resolved": "https://registry.npmjs.org/@emotion/memoize/-/memoize-0.9.0.tgz",
			"integrity": "sha512-30FAj7/EoJ5mwVPOWhAyCX+FPfMDrVecJAM+Iw9NRoSl4BBAQeqj4cApHHUXOVvIPgLVDsCFoz/hGD+5QQD1GQ==",
			"license": "MIT"
		},
		"node_modules/@emotion/unitless": {
			"version": "0.10.0",
			"resolved": "https://registry.npmjs.org/@emotion/unitless/-/unitless-0.10.0.tgz",
			"integrity": "sha512-dFoMUuQA20zvtVTuxZww6OHoJYgrzfKM1t52mVySDJnMSEa08ruEvdYQbhvyu6soU+NeLVd3yKfTfT0NeV6qGg==",
			"license": "MIT"
		},
		"node_modules/@iconify/react": {
			"version": "5.2.1",
			"resolved": "https://registry.npmjs.org/@iconify/react/-/react-5.2.1.tgz",
			"integrity": "sha512-37GDR3fYDZmnmUn9RagyaX+zca24jfVOMY8E1IXTqJuE8pxNtN51KWPQe3VODOWvuUurq7q9uUu3CFrpqj5Iqg==",
			"license": "MIT",
			"dependencies": {
				"@iconify/types": "^2.0.0"
			},
			"funding": {
				"url": "https://github.com/sponsors/cyberalien"
			},
			"peerDependencies": {
				"react": ">=16"
			}
		},
		"node_modules/@iconify/types": {
			"version": "2.0.0",
			"resolved": "https://registry.npmjs.org/@iconify/types/-/types-2.0.0.tgz",
			"integrity": "sha512-+wluvCrRhXrhyOmRDJ3q8mux9JkKy5SJ/v8ol2tu4FVjyYvtEzkc/3pK15ET6RKg4b4w4BmTk1+gsCUhf21Ykg==",
			"license": "MIT"
		},
		"node_modules/@module-federation/error-codes": {
			"version": "0.22.0",
			"resolved": "https://registry.npmjs.org/@module-federation/error-codes/-/error-codes-0.22.0.tgz",
			"integrity": "sha512-xF9SjnEy7vTdx+xekjPCV5cIHOGCkdn3pIxo9vU7gEZMIw0SvAEdsy6Uh17xaCpm8V0FWvR0SZoK9Ik6jGOaug==",
			"license": "MIT"
		},
		"node_modules/@module-federation/runtime": {
			"version": "0.22.0",
			"resolved": "https://registry.npmjs.org/@module-federation/runtime/-/runtime-0.22.0.tgz",
			"integrity": "sha512-38g5iPju2tPC3KHMPxRKmy4k4onNp6ypFPS1eKGsNLUkXgHsPMBFqAjDw96iEcjri91BrahG4XcdyKi97xZzlA==",
			"license": "MIT",
			"dependencies": {
				"@module-federation/error-codes": "0.22.0",
				"@module-federation/runtime-core": "0.22.0",
				"@module-federation/sdk": "0.22.0"
			}
		},
		"node_modules/@module-federation/runtime-core": {
			"version": "0.22.0",
			"resolved": "https://registry.npmjs.org/@module-federation/runtime-core/-/runtime-core-0.22.0.tgz",
			"integrity": "sha512-GR1TcD6/s7zqItfhC87zAp30PqzvceoeDGYTgF3Vx2TXvsfDrhP6Qw9T4vudDQL3uJRne6t7CzdT29YyVxlgIA==",
			"license": "MIT",
			"dependencies": {
				"@module-federation/error-codes": "0.22.0",
				"@module-federation/sdk": "0.22.0"
			}
		},
		"node_modules/@module-federation/runtime-tools": {
			"version": "0.22.0",
			"resolved": "https://registry.npmjs.org/@module-federation/runtime-tools/-/runtime-tools-0.22.0.tgz",
			"integrity": "sha512-4ScUJ/aUfEernb+4PbLdhM/c60VHl698Gn1gY21m9vyC1Ucn69fPCA1y2EwcCB7IItseRMoNhdcWQnzt/OPCNA==",
			"license": "MIT",
			"dependencies": {
				"@module-federation/runtime": "0.22.0",
				"@module-federation/webpack-bundler-runtime": "0.22.0"
			}
		},
		"node_modules/@module-federation/sdk": {
			"version": "0.22.0",
			"resolved": "https://registry.npmjs.org/@module-federation/sdk/-/sdk-0.22.0.tgz",
			"integrity": "sha512-x4aFNBKn2KVQRuNVC5A7SnrSCSqyfIWmm1DvubjbO9iKFe7ith5niw8dqSFBekYBg2Fwy+eMg4sEFNVvCAdo6g==",
			"license": "MIT"
		},
		"node_modules/@module-federation/webpack-bundler-runtime": {
			"version": "0.22.0",
			"resolved": "https://registry.npmjs.org/@module-federation/webpack-bundler-runtime/-/webpack-bundler-runtime-0.22.0.tgz",
			"integrity": "sha512-aM8gCqXu+/4wBmJtVeMeeMN5guw3chf+2i6HajKtQv7SJfxV/f4IyNQJUeUQu9HfiAZHjqtMV5Lvq/Lvh8LdyA==",
			"license": "MIT",
			"dependencies": {
				"@module-federation/runtime": "0.22.0",
				"@module-federation/sdk": "0.22.0"
			}
		},
		"node_modules/@napi-rs/wasm-runtime": {
			"version": "1.0.7",
			"resolved": "https://registry.npmjs.org/@napi-rs/wasm-runtime/-/wasm-runtime-1.0.7.tgz",
			"integrity": "sha512-SeDnOO0Tk7Okiq6DbXmmBODgOAb9dp9gjlphokTUxmt8U3liIP1ZsozBahH69j/RJv+Rfs6IwUKHTgQYJ/HBAw==",
			"license": "MIT",
			"optional": true,
			"dependencies": {
				"@emnapi/core": "^1.5.0",
				"@emnapi/runtime": "^1.5.0",
				"@tybys/wasm-util": "^0.10.1"
			}
		},
		"node_modules/@prefresh/core": {
			"version": "1.5.9",
			"resolved": "https://registry.npmjs.org/@prefresh/core/-/core-1.5.9.tgz",
			"integrity": "sha512-IKBKCPaz34OFVC+adiQ2qaTF5qdztO2/4ZPf4KsRTgjKosWqxVXmEbxCiUydYZRY8GVie+DQlKzQr9gt6HQ+EQ==",
			"license": "MIT",
			"peerDependencies": {
				"preact": "^10.0.0 || ^11.0.0-0"
			}
		},
		"node_modules/@prefresh/utils": {
			"version": "1.2.1",
			"resolved": "https://registry.npmjs.org/@prefresh/utils/-/utils-1.2.1.tgz",
			"integrity": "sha512-vq/sIuN5nYfYzvyayXI4C2QkprfNaHUQ9ZX+3xLD8nL3rWyzpxOm1+K7RtMbhd+66QcaISViK7amjnheQ/4WZw==",
			"license": "MIT"
		},
		"node_modules/@rsbuild/core": {
			"version": "1.7.3",
			"resolved": "https://registry.npmjs.org/@rsbuild/core/-/core-1.7.3.tgz",
			"integrity": "sha512-kI1oQvCXbQYxUvQPnDLdjSX4gFsbrFNpuUj6jXEJ7IcJ74Q+n4oeFj74/8tKerhxhe0L90m/ZQfzLeN5ORGA9w==",
			"license": "MIT",
			"dependencies": {
				"@rspack/core": "~1.7.5",
				"@rspack/lite-tapable": "~1.1.0",
				"@swc/helpers": "^0.5.18",
				"core-js": "~3.47.0",
				"jiti": "^2.6.1"
			},
			"bin": {
				"rsbuild": "bin/rsbuild.js"
			},
			"engines": {
				"node": ">=18.12.0"
			}
		},
		"node_modules/@rsbuild/plugin-preact": {
			"version": "1.7.1",
			"resolved": "https://registry.npmjs.org/@rsbuild/plugin-preact/-/plugin-preact-1.7.1.tgz",
			"integrity": "sha512-FRBO4kQ72s6s4F2D7MMMljSD4tjkMg9cCfJg/UBnX+rySLiWFDSG5zsM7G6ALcLWEriYCMupmD7LJL+eDA+nGA==",
			"license": "MIT",
			"dependencies": {
				"@prefresh/core": "^1.5.9",
				"@prefresh/utils": "^1.2.1",
				"@rspack/plugin-preact-refresh": "^1.1.4",
				"@swc/plugin-prefresh": "^12.3.0"
			},
			"peerDependencies": {
				"@rsbuild/core": "^1.0.0 || ^2.0.0-0"
			}
		},
		"node_modules/@rsbuild/plugin-react": {
			"version": "1.4.5",
			"resolved": "https://registry.npmjs.org/@rsbuild/plugin-react/-/plugin-react-1.4.5.tgz",
			"integrity": "sha512-eS2sXCedgGA/7bLu8yVtn48eE/GyPbXx4Q7OcutB01IQ1D2y8WSMBys4nwfrecy19utvw4NPn4gYDy52316+vg==",
			"dev": true,
			"license": "MIT",
			"dependencies": {
				"@rspack/plugin-react-refresh": "^1.6.0",
				"react-refresh": "^0.18.0"
			},
			"peerDependencies": {
				"@rsbuild/core": "^1.0.0 || ^2.0.0-0"
			}
		},
		"node_modules/@rspack/binding": {
			"version": "1.7.5",
			"resolved": "https://registry.npmjs.org/@rspack/binding/-/binding-1.7.5.tgz",
			"integrity": "sha512-tlZfDHfGu765FBL3hIyjrr8slJZztv7rCM+KIczZS7UlJQDl1+WsDKUe/+E1Fw9SlmorLWK40+y3rLTHmMrN2A==",
			"license": "MIT",
			"optionalDependencies": {
				"@rspack/binding-darwin-arm64": "1.7.5",
				"@rspack/binding-darwin-x64": "1.7.5",
				"@rspack/binding-linux-arm64-gnu": "1.7.5",
				"@rspack/binding-linux-arm64-musl": "1.7.5",
				"@rspack/binding-linux-x64-gnu": "1.7.5",
				"@rspack/binding-linux-x64-musl": "1.7.5",
				"@rspack/binding-wasm32-wasi": "1.7.5",
				"@rspack/binding-win32-arm64-msvc": "1.7.5",
				"@rspack/binding-win32-ia32-msvc": "1.7.5",
				"@rspack/binding-win32-x64-msvc": "1.7.5"
			}
		},
		"node_modules/@rspack/binding-darwin-arm64": {
			"version": "1.7.5",
			"resolved": "https://registry.npmjs.org/@rspack/binding-darwin-arm64/-/binding-darwin-arm64-1.7.5.tgz",
			"integrity": "sha512-dg2/IrF+g498NUt654N8LFWfIiUsHlTankWieE1S3GWEQM6jweeRbNuu1Py1nWIUsjR2yQtv7ziia7c9Q8UTaQ==",
			"cpu": [
				"arm64"
			],
			"license": "MIT",
			"optional": true,
			"os": [
				"darwin"
			]
		},
		"node_modules/@rspack/binding-darwin-x64": {
			"version": "1.7.5",
			"resolved": "https://registry.npmjs.org/@rspack/binding-darwin-x64/-/binding-darwin-x64-1.7.5.tgz",
			"integrity": "sha512-RQJX4boQJUu3lo1yiN344+y8W6iSO08ARXIZqFPg66coOgfX1lhsXQSRJGQEQG4PAcYuC0GmrYFzErliifbc1Q==",
			"cpu": [
				"x64"
			],
			"license": "MIT",
			"optional": true,
			"os": [
				"darwin"
			]
		},
		"node_modules/@rspack/binding-linux-arm64-gnu": {
			"version": "1.7.5",
			"resolved": "https://registry.npmjs.org/@rspack/binding-linux-arm64-gnu/-/binding-linux-arm64-gnu-1.7.5.tgz",
			"integrity": "sha512-R7CO1crkJQLIQpJQzf+6DMHjvcvH/VxsatS5CG897IIT2aAfBeQuQAO+ERJko/UwSZam2K8Rxjuopcu5A2jsTQ==",
			"cpu": [
				"arm64"
			],
			"license": "MIT",
			"optional": true,
			"os": [
				"linux"
			]
		},
		"node_modules/@rspack/binding-linux-arm64-musl": {
			"version": "1.7.5",
			"resolved": "https://registry.npmjs.org/@rspack/binding-linux-arm64-musl/-/binding-linux-arm64-musl-1.7.5.tgz",
			"integrity": "sha512-moDVFD06ISZi+wCIjJLzQSr8WO8paViacSHk+rOKQxwKI96cPoC4JFkz0+ibT2uks4i2ecs4Op48orsoguiXxw==",
			"cpu": [
				"arm64"
			],
			"license": "MIT",
			"optional": true,
			"os": [
				"linux"
			]
		},
		"node_modules/@rspack/binding-linux-x64-gnu": {
			"version": "1.7.5",
			"resolved": "https://registry.npmjs.org/@rspack/binding-linux-x64-gnu/-/binding-linux-x64-gnu-1.7.5.tgz",
			"integrity": "sha512-LGtdsdhtA5IxdMptj2NDVEbuZF4aqM99BVn3saHp92A4Fn20mW9UtQ+19PtaOFdbQBUN1GcP+cosrJ1wY56hOg==",
			"cpu": [
				"x64"
			],
			"license": "MIT",
			"optional": true,
			"os": [
				"linux"
			]
		},
		"node_modules/@rspack/binding-linux-x64-musl": {
			"version": "1.7.5",
			"resolved": "https://registry.npmjs.org/@rspack/binding-linux-x64-musl/-/binding-linux-x64-musl-1.7.5.tgz",
			"integrity": "sha512-V1HTvuj0XF/e4Xnixqf7FrxdCtTkYqn26EKwH7ExUFuVBh4SsLGr29EK5SOXBG0xdy5TSEUokMup7cuONPb3Hw==",
			"cpu": [
				"x64"
			],
			"license": "MIT",
			"optional": true,
			"os": [
				"linux"
			]
		},
		"node_modules/@rspack/binding-wasm32-wasi": {
			"version": "1.7.5",
			"resolved": "https://registry.npmjs.org/@rspack/binding-wasm32-wasi/-/binding-wasm32-wasi-1.7.5.tgz",
			"integrity": "sha512-rGNHrk2QuLFfwOTib91skuLh2aMYeTP4lgM4zanDhtt95DLDlwioETFY7FzY1WmS+Z3qnEyrgQIRp8osy0NKTw==",
			"cpu": [
				"wasm32"
			],
			"license": "MIT",
			"optional": true,
			"dependencies": {
				"@napi-rs/wasm-runtime": "1.0.7"
			}
		},
		"node_modules/@rspack/binding-win32-arm64-msvc": {
			"version": "1.7.5",
			"resolved": "https://registry.npmjs.org/@rspack/binding-win32-arm64-msvc/-/binding-win32-arm64-msvc-1.7.5.tgz",
			"integrity": "sha512-eLyD9URS9M2pYa7sPICu9S0OuDAMnnGfuqrZYlrtgnEOEgimaG39gX6ENLwHvlNulaVMMFTNbDnS/2MELZ7r7g==",
			"cpu": [
				"arm64"
			],
			"license": "MIT",
			"optional": true,
			"os": [
				"win32"
			]
		},
		"node_modules/@rspack/binding-win32-ia32-msvc": {
			"version": "1.7.5",
			"resolved": "https://registry.npmjs.org/@rspack/binding-win32-ia32-msvc/-/binding-win32-ia32-msvc-1.7.5.tgz",
			"integrity": "sha512-ZT4eC8hHWzweA6S4Tl2c/z/fvhbU7Wnh+l76z+qmDy8wuA8uNrHgIb1mHLPli/wsqcjmIy8rDO9gkIBitg5I+w==",
			"cpu": [
				"ia32"
			],
			"license": "MIT",
			"optional": true,
			"os": [
				"win32"
			]
		},
		"node_modules/@rspack/binding-win32-x64-msvc": {
			"version": "1.7.5",
			"resolved": "https://registry.npmjs.org/@rspack/binding-win32-x64-msvc/-/binding-win32-x64-msvc-1.7.5.tgz",
			"integrity": "sha512-a2j10QS3dZvW+gdu+FXteAkChxsK2g9BRUOmpt13w22LkiGrdmOkMQyDWRgJNxUGJTlqIUqtXxs72nTTlzo2Sw==",
			"cpu": [
				"x64"
			],
			"license": "MIT",
			"optional": true,
			"os": [
				"win32"
			]
		},
		"node_modules/@rspack/core": {
			"version": "1.7.5",
			"resolved": "https://registry.npmjs.org/@rspack/core/-/core-1.7.5.tgz",
			"integrity": "sha512-W1ChLhjBxGg6y4AHjEVjhcww/FZJ2O9obR0EOlYcfrfQGojCAUMeQjbmaF2sse5g5m0vSCaPtNYkycZ0qVRk1A==",
			"license": "MIT",
			"dependencies": {
				"@module-federation/runtime-tools": "0.22.0",
				"@rspack/binding": "1.7.5",
				"@rspack/lite-tapable": "1.1.0"
			},
			"engines": {
				"node": ">=18.12.0"
			},
			"peerDependencies": {
				"@swc/helpers": ">=0.5.1"
			},
			"peerDependenciesMeta": {
				"@swc/helpers": {
					"optional": true
				}
			}
		},
		"node_modules/@rspack/lite-tapable": {
			"version": "1.1.0",
			"resolved": "https://registry.npmjs.org/@rspack/lite-tapable/-/lite-tapable-1.1.0.tgz",
			"integrity": "sha512-E2B0JhYFmVAwdDiG14+DW0Di4Ze4Jg10Pc4/lILUrd5DRCaklduz2OvJ5HYQ6G+hd+WTzqQb3QnDNfK4yvAFYw==",
			"license": "MIT"
		},
		"node_modules/@rspack/plugin-preact-refresh": {
			"version": "1.1.5",
			"resolved": "https://registry.npmjs.org/@rspack/plugin-preact-refresh/-/plugin-preact-refresh-1.1.5.tgz",
			"integrity": "sha512-1oXF8ovAF+XoMcZ1qjeJ+l28qXAnKmVulV8Q5/Q1bXDkfMBmvC10O94wpxojcIY/kdMrHIFTfWbUhm0qBcYeGA==",
			"license": "MIT",
			"peerDependencies": {
				"@prefresh/core": "^1.5.0",
				"@prefresh/utils": "^1.2.0"
			}
		},
		"node_modules/@rspack/plugin-react-refresh": {
			"version": "1.6.0",
			"resolved": "https://registry.npmjs.org/@rspack/plugin-react-refresh/-/plugin-react-refresh-1.6.0.tgz",
			"integrity": "sha512-OO53gkrte/Ty4iRXxxM6lkwPGxsSsupFKdrPFnjwFIYrPvFLjeolAl5cTx+FzO5hYygJiGnw7iEKTmD+ptxqDA==",
			"dev": true,
			"license": "MIT",
			"dependencies": {
				"error-stack-parser": "^2.1.4",
				"html-entities": "^2.6.0"
			},
			"peerDependencies": {
				"react-refresh": ">=0.10.0 <1.0.0",
				"webpack-hot-middleware": "2.x"
			},
			"peerDependenciesMeta": {
				"webpack-hot-middleware": {
					"optional": true
				}
			}
		},
		"node_modules/@swc/counter": {
			"version": "0.1.3",
			"resolved": "https://registry.npmjs.org/@swc/counter/-/counter-0.1.3.tgz",
			"integrity": "sha512-e2BR4lsJkkRlKZ/qCHPw9ZaSxc0MVUd7gtbtaB7aMvHeJVYe8sOB8DBZkP2DtISHGSku9sCK6T6cnY0CtXrOCQ==",
			"license": "Apache-2.0"
		},
		"node_modules/@swc/helpers": {
			"version": "0.5.18",
			"resolved": "https://registry.npmjs.org/@swc/helpers/-/helpers-0.5.18.tgz",
			"integrity": "sha512-TXTnIcNJQEKwThMMqBXsZ4VGAza6bvN4pa41Rkqoio6QBKMvo+5lexeTMScGCIxtzgQJzElcvIltani+adC5PQ==",
			"license": "Apache-2.0",
			"dependencies": {
				"tslib": "^2.8.0"
			}
		},
		"node_modules/@swc/plugin-prefresh": {
			"version": "12.5.0",
			"resolved": "https://registry.npmjs.org/@swc/plugin-prefresh/-/plugin-prefresh-12.5.0.tgz",
			"integrity": "sha512-3hzfjzNpVeLX6Gt3NAZyK8ZIjEL1Ign4YNdJaq9kgeiDf2IjyWFUW+7nb+L9ms0nWiK7czNIRItW1eDy2k1fsw==",
			"license": "Apache-2.0",
			"dependencies": {
				"@swc/counter": "^0.1.3"
			}
		},
		"node_modules/@tybys/wasm-util": {
			"version": "0.10.1",
			"resolved": "https://registry.npmjs.org/@tybys/wasm-util/-/wasm-util-0.10.1.tgz",
			"integrity": "sha512-9tTaPJLSiejZKx+Bmog4uSubteqTvFrVrURwkmHixBo0G4seD0zUxp98E1DzUBJxLQ3NPwXrGKDiVjwx/DpPsg==",
			"license": "MIT",
			"optional": true,
			"dependencies": {
				"tslib": "^2.4.0"
			}
		},
		"node_modules/@types/hoist-non-react-statics": {
			"version": "3.3.7",
			"resolved": "https://registry.npmjs.org/@types/hoist-non-react-statics/-/hoist-non-react-statics-3.3.7.tgz",
			"integrity": "sha512-PQTyIulDkIDro8P+IHbKCsw7U2xxBYflVzW/FgWdCAePD9xGSidgA76/GeJ6lBKoblyhf9pBY763gbrN+1dI8g==",
			"license": "MIT",
			"dependencies": {
				"hoist-non-react-statics": "^3.3.0"
			},
			"peerDependencies": {
				"@types/react": "*"
			}
		},
		"node_modules/@types/react": {
			"version": "19.2.13",
			"resolved": "https://registry.npmjs.org/@types/react/-/react-19.2.13.tgz",
			"integrity": "sha512-KkiJeU6VbYbUOp5ITMIc7kBfqlYkKA5KhEHVrGMmUUMt7NeaZg65ojdPk+FtNrBAOXNVM5QM72jnADjM+XVRAQ==",
			"license": "MIT",
			"dependencies": {
				"csstype": "^3.2.2"
			}
		},
		"node_modules/@types/react-dom": {
			"version": "19.2.3",
			"resolved": "https://registry.npmjs.org/@types/react-dom/-/react-dom-19.2.3.tgz",
			"integrity": "sha512-jp2L/eY6fn+KgVVQAOqYItbF0VY/YApe5Mz2F0aykSO8gx31bYCZyvSeYxCHKvzHG5eZjc+zyaS5BrBWya2+kQ==",
			"dev": true,
			"license": "MIT",
			"peerDependencies": {
				"@types/react": "^19.2.0"
			}
		},
		"node_modules/@types/styled-components": {
			"version": "5.1.36",
			"resolved": "https://registry.npmjs.org/@types/styled-components/-/styled-components-5.1.36.tgz",
			"integrity": "sha512-pGMRNY5G2rNDKEv2DOiFYa7Ft1r0jrhmgBwHhOMzPTgCjO76bCot0/4uEfqj7K0Jf1KdQmDtAuaDk9EAs9foSw==",
			"license": "MIT",
			"dependencies": {
				"@types/hoist-non-react-statics": "*",
				"@types/react": "*",
				"csstype": "^3.2.2"
			}
		},
		"node_modules/@types/stylis": {
			"version": "4.2.7",
			"resolved": "https://registry.npmjs.org/@types/stylis/-/stylis-4.2.7.tgz",
			"integrity": "sha512-VgDNokpBoKF+wrdvhAAfS55OMQpL6QRglwTwNC3kIgBrzZxA4WsFj+2eLfEA/uMUDzBcEhYmjSbwQakn/i3ajA==",
			"license": "MIT"
		},
		"node_modules/camelize": {
			"version": "1.0.1",
			"resolved": "https://registry.npmjs.org/camelize/-/camelize-1.0.1.tgz",
			"integrity": "sha512-dU+Tx2fsypxTgtLoE36npi3UqcjSSMNYfkqgmoEhtZrraP5VWq0K7FkWVTYa8eMPtnU/G2txVsfdCJTn9uzpuQ==",
			"license": "MIT",
			"funding": {
				"url": "https://github.com/sponsors/ljharb"
			}
		},
		"node_modules/core-js": {
			"version": "3.47.0",
			"resolved": "https://registry.npmjs.org/core-js/-/core-js-3.47.0.tgz",
			"integrity": "sha512-c3Q2VVkGAUyupsjRnaNX6u8Dq2vAdzm9iuPj5FW0fRxzlxgq9Q39MDq10IvmQSpLgHQNyQzQmOo6bgGHmH3NNg==",
			"hasInstallScript": true,
			"license": "MIT",
			"funding": {
				"type": "opencollective",
				"url": "https://opencollective.com/core-js"
			}
		},
		"node_modules/css-color-keywords": {
			"version": "1.0.0",
			"resolved": "https://registry.npmjs.org/css-color-keywords/-/css-color-keywords-1.0.0.tgz",
			"integrity": "sha512-FyyrDHZKEjXDpNJYvVsV960FiqQyXc/LlYmsxl2BcdMb2WPx0OGRVgTg55rPSyLSNMqP52R9r8geSp7apN3Ofg==",
			"license": "ISC",
			"engines": {
				"node": ">=4"
			}
		},
		"node_modules/css-to-react-native": {
			"version": "3.2.0",
			"resolved": "https://registry.npmjs.org/css-to-react-native/-/css-to-react-native-3.2.0.tgz",
			"integrity": "sha512-e8RKaLXMOFii+02mOlqwjbD00KSEKqblnpO9e++1aXS1fPQOpS1YoqdVHBqPjHNoxeF2mimzVqawm2KCbEdtHQ==",
			"license": "MIT",
			"dependencies": {
				"camelize": "^1.0.0",
				"css-color-keywords": "^1.0.0",
				"postcss-value-parser": "^4.0.2"
			}
		},
		"node_modules/csstype": {
			"version": "3.2.3",
			"resolved": "https://registry.npmjs.org/csstype/-/csstype-3.2.3.tgz",
			"integrity": "sha512-z1HGKcYy2xA8AGQfwrn0PAy+PB7X/GSj3UVJW9qKyn43xWa+gl5nXmU4qqLMRzWVLFC8KusUX8T/0kCiOYpAIQ==",
			"license": "MIT"
		},
		"node_modules/error-stack-parser": {
			"version": "2.1.4",
			"resolved": "https://registry.npmjs.org/error-stack-parser/-/error-stack-parser-2.1.4.tgz",
			"integrity": "sha512-Sk5V6wVazPhq5MhpO+AUxJn5x7XSXGl1R93Vn7i+zS15KDVxQijejNCrz8340/2bgLBjR9GtEG8ZVKONDjcqGQ==",
			"dev": true,
			"license": "MIT",
			"dependencies": {
				"stackframe": "^1.3.4"
			}
		},
		"node_modules/hoist-non-react-statics": {
			"version": "3.3.2",
			"resolved": "https://registry.npmjs.org/hoist-non-react-statics/-/hoist-non-react-statics-3.3.2.tgz",
			"integrity": "sha512-/gGivxi8JPKWNm/W0jSmzcMPpfpPLc3dY/6GxhX2hQ9iGj3aDfklV4ET7NjKpSinLpJ5vafa9iiGIEZg10SfBw==",
			"license": "BSD-3-Clause",
			"dependencies": {
				"react-is": "^16.7.0"
			}
		},
		"node_modules/html-entities": {
			"version": "2.6.0",
			"resolved": "https://registry.npmjs.org/html-entities/-/html-entities-2.6.0.tgz",
			"integrity": "sha512-kig+rMn/QOVRvr7c86gQ8lWXq+Hkv6CbAH1hLu+RG338StTpE8Z0b44SDVaqVu7HGKf27frdmUYEs9hTUX/cLQ==",
			"dev": true,
			"funding": [
				{
					"type": "github",
					"url": "https://github.com/sponsors/mdevils"
				},
				{
					"type": "patreon",
					"url": "https://patreon.com/mdevils"
				}
			],
			"license": "MIT"
		},
		"node_modules/jiti": {
			"version": "2.6.1",
			"resolved": "https://registry.npmjs.org/jiti/-/jiti-2.6.1.tgz",
			"integrity": "sha512-ekilCSN1jwRvIbgeg/57YFh8qQDNbwDb9xT/qu2DAHbFFZUicIl4ygVaAvzveMhMVr3LnpSKTNnwt8PoOfmKhQ==",
			"license": "MIT",
			"bin": {
				"jiti": "lib/jiti-cli.mjs"
			}
		},
		"node_modules/nanoid": {
			"version": "3.3.11",
			"resolved": "https://registry.npmjs.org/nanoid/-/nanoid-3.3.11.tgz",
			"integrity": "sha512-N8SpfPUnUp1bK+PMYW8qSWdl9U+wwNWI4QKxOYDy9JAro3WMX7p2OeVRF9v+347pnakNevPmiHhNmZ2HbFA76w==",
			"funding": [
				{
					"type": "github",
					"url": "https://github.com/sponsors/ai"
				}
			],
			"license": "MIT",
			"bin": {
				"nanoid": "bin/nanoid.cjs"
			},
			"engines": {
				"node": "^10 || ^12 || ^13.7 || ^14 || >=15.0.1"
			}
		},
		"node_modules/picocolors": {
			"version": "1.1.1",
			"resolved": "https://registry.npmjs.org/picocolors/-/picocolors-1.1.1.tgz",
			"integrity": "sha512-xceH2snhtb5M9liqDsmEw56le376mTZkEX/jEb/RxNFyegNul7eNslCXP9FDj/Lcu0X8KEyMceP2ntpaHrDEVA==",
			"license": "ISC"
		},
		"node_modules/postcss": {
			"version": "8.4.49",
			"resolved": "https://registry.npmjs.org/postcss/-/postcss-8.4.49.tgz",
			"integrity": "sha512-OCVPnIObs4N29kxTjzLfUryOkvZEq+pf8jTF0lg8E7uETuWHA+v7j3c/xJmiqpX450191LlmZfUKkXxkTry7nA==",
			"funding": [
				{
					"type": "opencollective",
					"url": "https://opencollective.com/postcss/"
				},
				{
					"type": "tidelift",
					"url": "https://tidelift.com/funding/github/npm/postcss"
				},
				{
					"type": "github",
					"url": "https://github.com/sponsors/ai"
				}
			],
			"license": "MIT",
			"dependencies": {
				"nanoid": "^3.3.7",
				"picocolors": "^1.1.1",
				"source-map-js": "^1.2.1"
			},
			"engines": {
				"node": "^10 || ^12 || >=14"
			}
		},
		"node_modules/postcss-value-parser": {
			"version": "4.2.0",
			"resolved": "https://registry.npmjs.org/postcss-value-parser/-/postcss-value-parser-4.2.0.tgz",
			"integrity": "sha512-1NNCs6uurfkVbeXG4S8JFT9t19m45ICnif8zWLd5oPSZ50QnwMfK+H3jv408d4jw/7Bttv5axS5IiHoLaVNHeQ==",
			"license": "MIT"
		},
		"node_modules/preact": {
			"version": "10.28.3",
			"resolved": "https://registry.npmjs.org/preact/-/preact-10.28.3.tgz",
			"integrity": "sha512-tCmoRkPQLpBeWzpmbhryairGnhW9tKV6c6gr/w+RhoRoKEJwsjzipwp//1oCpGPOchvSLaAPlpcJi9MwMmoPyA==",
			"license": "MIT",
			"peer": true,
			"funding": {
				"type": "opencollective",
				"url": "https://opencollective.com/preact"
			}
		},
		"node_modules/react": {
			"name": "@preact/compat",
			"version": "18.3.1",
			"resolved": "https://registry.npmjs.org/@preact/compat/-/compat-18.3.1.tgz",
			"integrity": "sha512-Kog4PSRxtT4COtOXjsuQPV1vMXpUzREQfv+6Dmcy9/rMk0HOPK0HTE9fspFjAmY8R80T/T8gtgmZ68u5bOSngw==",
			"license": "MIT",
			"peerDependencies": {
				"preact": "*"
			}
		},
		"node_modules/react-dom": {
			"name": "@preact/compat",
			"version": "18.3.1",
			"resolved": "https://registry.npmjs.org/@preact/compat/-/compat-18.3.1.tgz",
			"integrity": "sha512-Kog4PSRxtT4COtOXjsuQPV1vMXpUzREQfv+6Dmcy9/rMk0HOPK0HTE9fspFjAmY8R80T/T8gtgmZ68u5bOSngw==",
			"license": "MIT",
			"peerDependencies": {
				"preact": "*"
			}
		},
		"node_modules/react-is": {
			"version": "16.13.1",
			"resolved": "https://registry.npmjs.org/react-is/-/react-is-16.13.1.tgz",
			"integrity": "sha512-24e6ynE2H+OKt4kqsOvNd8kBpV65zoxbA4BVsEOB3ARVWQki/DHzaUoC5KuON/BiccDaCCTZBuOcfZs70kR8bQ==",
			"license": "MIT"
		},
		"node_modules/react-refresh": {
			"version": "0.18.0",
			"resolved": "https://registry.npmjs.org/react-refresh/-/react-refresh-0.18.0.tgz",
			"integrity": "sha512-QgT5//D3jfjJb6Gsjxv0Slpj23ip+HtOpnNgnb2S5zU3CB26G/IDPGoy4RJB42wzFE46DRsstbW6tKHoKbhAxw==",
			"dev": true,
			"license": "MIT",
			"engines": {
				"node": ">=0.10.0"
			}
		},
		"node_modules/shallowequal": {
			"version": "1.1.0",
			"resolved": "https://registry.npmjs.org/shallowequal/-/shallowequal-1.1.0.tgz",
			"integrity": "sha512-y0m1JoUZSlPAjXVtPPW70aZWfIL/dSP7AFkRnniLCrK/8MDKog3TySTBmckD+RObVxH0v4Tox67+F14PdED2oQ==",
			"license": "MIT"
		},
		"node_modules/source-map-js": {
			"version": "1.2.1",
			"resolved": "https://registry.npmjs.org/source-map-js/-/source-map-js-1.2.1.tgz",
			"integrity": "sha512-UXWMKhLOwVKb728IUtQPXxfYU+usdybtUrK/8uGE8CQMvrhOpwvzDBwj0QhSL7MQc7vIsISBG8VQ8+IDQxpfQA==",
			"license": "BSD-3-Clause",
			"engines": {
				"node": ">=0.10.0"
			}
		},
		"node_modules/stackframe": {
			"version": "1.3.4",
			"resolved": "https://registry.npmjs.org/stackframe/-/stackframe-1.3.4.tgz",
			"integrity": "sha512-oeVtt7eWQS+Na6F//S4kJ2K2VbRlS9D43mAlMyVpVWovy9o+jfgH8O9agzANzaiLjclA0oYzUXEM4PurhSUChw==",
			"dev": true,
			"license": "MIT"
		},
		"node_modules/styled-components": {
			"version": "6.3.8",
			"resolved": "https://registry.npmjs.org/styled-components/-/styled-components-6.3.8.tgz",
			"integrity": "sha512-Kq/W41AKQloOqKM39zfaMdJ4BcYDw/N5CIq4/GTI0YjU6pKcZ1KKhk6b4du0a+6RA9pIfOP/eu94Ge7cu+PDCA==",
			"license": "MIT",
			"dependencies": {
				"@emotion/is-prop-valid": "1.4.0",
				"@emotion/unitless": "0.10.0",
				"@types/stylis": "4.2.7",
				"css-to-react-native": "3.2.0",
				"csstype": "3.2.3",
				"postcss": "8.4.49",
				"shallowequal": "1.1.0",
				"stylis": "4.3.6",
				"tslib": "2.8.1"
			},
			"engines": {
				"node": ">= 16"
			},
			"funding": {
				"type": "opencollective",
				"url": "https://opencollective.com/styled-components"
			},
			"peerDependencies": {
				"react": ">= 16.8.0",
				"react-dom": ">= 16.8.0"
			},
			"peerDependenciesMeta": {
				"react-dom": {
					"optional": true
				}
			}
		},
		"node_modules/stylis": {
			"version": "4.3.6",
			"resolved": "https://registry.npmjs.org/stylis/-/stylis-4.3.6.tgz",
			"integrity": "sha512-yQ3rwFWRfwNUY7H5vpU0wfdkNSnvnJinhF9830Swlaxl03zsOjCfmX0ugac+3LtK0lYSgwL/KXc8oYL3mG4YFQ==",
			"license": "MIT"
		},
		"node_modules/tslib": {
			"version": "2.8.1",
			"resolved": "https://registry.npmjs.org/tslib/-/tslib-2.8.1.tgz",
			"integrity": "sha512-oJFu94HQb+KVduSUQL7wnpmqnfmLsOA/nAh6b6EH0wCEoK0/mPeXU6c3wKDV83MkOuHPRHtSXKKU99IBazS/2w==",
			"license": "0BSD"
		},
		"node_modules/typescript": {
			"version": "5.9.3",
			"resolved": "https://registry.npmjs.org/typescript/-/typescript-5.9.3.tgz",
			"integrity": "sha512-jl1vZzPDinLr9eUt3J/t7V6FgNEw9QjvBPdysz9KfQDD41fQrC2Y4vKQdiaUpFT4bXlb1RHhLpp8wtm6M5TgSw==",
			"dev": true,
			"license": "Apache-2.0",
			"bin": {
				"tsc": "bin/tsc",
				"tsserver": "bin/tsserver"
			},
			"engines": {
				"node": ">=14.17"
			}
		}
	}
}
